
Microsoft Visual Studio Solution File, Format Version 9.00
# Visual Studio 2005
Project("{F184B08F-C81C-45F6-A57F-5ABD9991F28F}") = "CFPluginDemo", "CFPluginDemo.vbproj", "{AA714606-B82F-4AE0-8737-DA03981F1906}"
EndProject
Global
	GlobalSection(SubversionScc) = preSolution
		Svn-Managed = True
		Manager = AnkhSVN - Subversion Support for Visual Studio
	EndGlobalSection
	GlobalSection(SolutionConfigurationPlatforms) = preSolution
		Debug|Any CPU = Debug|Any CPU
		Release|Any CPU = Release|Any CPU
	EndGlobalSection
	GlobalSection(ProjectConfigurationPlatforms) = postSolution
		{AA714606-B82F-4AE0-8737-DA03981F1906}.Debug|Any CPU.ActiveCfg = Debug|Any CPU
		{AA714606-B82F-4AE0-8737-DA03981F1906}.Debug|Any CPU.Build.0 = Debug|Any CPU
		{AA714606-B82F-4AE0-8737-DA03981F1906}.Release|Any CPU.ActiveCfg = Release|Any CPU
		{AA714606-B82F-4AE0-8737-DA03981F1906}.Release|Any CPU.Build.0 = Release|Any CPU
	EndGlobalSection
	GlobalSection(SolutionProperties) = preSolution
		HideSolutionNode = FALSE
	EndGlobalSection
EndGlobal
